
Microsoft Visual Studio Solution File, Format Version 12.00
# Visual Studio 2013
VisualStudioVersion = 12.0.40629.0
MinimumVisualStudioVersion = 10.0.40219.1
Project("{8BC9CEB8-8B4A-11D0-8D11-00A0C91BC942}") = "FastInterp3", "FastInterp3\FastInterp3.vcxproj", "{F27977BF-A1CF-4091-ACB2-EFD8040C539F}"
EndProject
Project("{8BC9CEB8-8B4A-11D0-8D11-00A0C91BC942}") = "FastInterp3Vol", "FastInterp3Vol\FastInterp3Vol.vcxproj", "{A11A5352-8204-4366-9143-EBA3B4832B4C}"
EndProject
Project("{8BC9CEB8-8B4A-11D0-8D11-00A0C91BC942}") = "fnMaximizeWind", "Maximize\fnMaximizeWind.vcxproj", "{E3354EB8-7DC1-4ED0-BD7C-F20A6E044CFF}"
EndProject
Project("{8BC9CEB8-8B4A-11D0-8D11-00A0C91BC942}") = "CohenSutherland", "CohenSutherland\CohenSutherland.vcxproj", "{733084F8-8A89-4227-80AF-A5FD2AEF08AC}"
EndProject
Project("{8BC9CEB8-8B4A-11D0-8D11-00A0C91BC942}") = "MeshPlaneIntersect", "MeshPlaneIntersect\MeshPlaneIntersect.vcxproj", "{3E3255CD-DC97-4322-8EB9-78693BA9E632}"
EndProject
Project("{8BC9CEB8-8B4A-11D0-8D11-00A0C91BC942}") = "PointPointDist", "PointPointDist\PointPointDist.vcxproj", "{6BA79CBA-E5FC-4C0D-8344-F71EF23C3C8E}"
EndProject
Project("{8BC9CEB8-8B4A-11D0-8D11-00A0C91BC942}") = "LineLineDist", "LineLineDist\LineLineDist.vcxproj", "{D722A087-8E12-4C04-BE99-0C6DC51CEBAC}"
EndProject
Project("{8BC9CEB8-8B4A-11D0-8D11-00A0C91BC942}") = "SolidWorksRecordingChamber2010", "SolidWorks2010\SolidWorksRecordingChamber2010.vcxproj", "{FA895BF9-AC6D-49A1-957F-3B853FF1E7A2}"
EndProject
Project("{8BC9CEB8-8B4A-11D0-8D11-00A0C91BC942}") = "SolidWorksRecordingChamber2011", "SolidWorks2011\SolidWorksRecordingChamber2011.vcxproj", "{E079294B-0328-4DC6-AA9E-D7852D111956}"
EndProject
Project("{8BC9CEB8-8B4A-11D0-8D11-00A0C91BC942}") = "SolidWorksRecordingChamber2012", "SolidWorks2012\SolidWorksRecordingChamber2012.vcxproj", "{FF1AEFEA-88E1-45FB-A446-229A6784ECA9}"
EndProject
Project("{8BC9CEB8-8B4A-11D0-8D11-00A0C91BC942}") = "FastInterp2", "FastInterp2\FastInterp2.vcxproj", "{3D129A51-FE19-4C71-8EED-E51275CBCAF3}"
EndProject
Project("{8BC9CEB8-8B4A-11D0-8D11-00A0C91BC942}") = "SelectLabels", "SelectLabels\SelectLabels.vcxproj", "{02DD0FF1-B865-4B35-9D54-D7715CF08A40}"
EndProject
Project("{8BC9CEB8-8B4A-11D0-8D11-00A0C91BC942}") = "fnGenComb", "GenComb\fnGenComb.vcxproj", "{CC1E4BE9-35EB-448F-B949-EBBA254D20F9}"
EndProject
Project("{8BC9CEB8-8B4A-11D0-8D11-00A0C91BC942}") = "ba_interp3", "ba_interp3\ba_interp3.vcxproj", "{F4B38022-D707-4455-9C45-BD3CCFDE5E6B}"
EndProject
Project("{8BC9CEB8-8B4A-11D0-8D11-00A0C91BC942}") = "eig3volume", "eig3volume\eig3volume.vcxproj", "{2443C5FF-ABD9-449C-8350-D1E357D68D5C}"
EndProject
Project("{8BC9CEB8-8B4A-11D0-8D11-00A0C91BC942}") = "SolidWorksRecordingChamber2013", "SolidWorks2013\SolidWorksRecordingChamber2013.vcxproj", "{FF36094B-A389-4FBB-B887-C08EE69B245B}"
EndProject
Project("{8BC9CEB8-8B4A-11D0-8D11-00A0C91BC942}") = "SolidWorksRecordingChamber2014", "SolidWorks2014\SolidWorksRecordingChamber2014.vcxproj", "{CBEF87D1-6E70-48C8-878E-9B512D5979C5}"
EndProject
Project("{8BC9CEB8-8B4A-11D0-8D11-00A0C91BC942}") = "SolidWorksRecordingChamber2016", "SolidWorks2016\SolidWorksRecordingChamber2016.vcxproj", "{004831B7-864E-4BE6-BEF6-57BEAA949A65}"
EndProject
Global
	GlobalSection(SolutionConfigurationPlatforms) = preSolution
		Debug|Win32 = Debug|Win32
		Debug|x64 = Debug|x64
		Release|Win32 = Release|Win32
		Release|x64 = Release|x64
	EndGlobalSection
	GlobalSection(ProjectConfigurationPlatforms) = postSolution
		{F27977BF-A1CF-4091-ACB2-EFD8040C539F}.Debug|Win32.ActiveCfg = Debug|Win32
		{F27977BF-A1CF-4091-ACB2-EFD8040C539F}.Debug|Win32.Build.0 = Debug|Win32
		{F27977BF-A1CF-4091-ACB2-EFD8040C539F}.Debug|x64.ActiveCfg = Debug|x64
		{F27977BF-A1CF-4091-ACB2-EFD8040C539F}.Debug|x64.Build.0 = Debug|x64
		{F27977BF-A1CF-4091-ACB2-EFD8040C539F}.Release|Win32.ActiveCfg = Release|Win32
		{F27977BF-A1CF-4091-ACB2-EFD8040C539F}.Release|Win32.Build.0 = Release|Win32
		{F27977BF-A1CF-4091-ACB2-EFD8040C539F}.Release|x64.ActiveCfg = Release|x64
		{F27977BF-A1CF-4091-ACB2-EFD8040C539F}.Release|x64.Build.0 = Release|x64
		{A11A5352-8204-4366-9143-EBA3B4832B4C}.Debug|Win32.ActiveCfg = Debug|Win32
		{A11A5352-8204-4366-9143-EBA3B4832B4C}.Debug|Win32.Build.0 = Debug|Win32
		{A11A5352-8204-4366-9143-EBA3B4832B4C}.Debug|x64.ActiveCfg = Debug|x64
		{A11A5352-8204-4366-9143-EBA3B4832B4C}.Debug|x64.Build.0 = Debug|x64
		{A11A5352-8204-4366-9143-EBA3B4832B4C}.Release|Win32.ActiveCfg = Release|Win32
		{A11A5352-8204-4366-9143-EBA3B4832B4C}.Release|Win32.Build.0 = Release|Win32
		{A11A5352-8204-4366-9143-EBA3B4832B4C}.Release|x64.ActiveCfg = Release|x64
		{A11A5352-8204-4366-9143-EBA3B4832B4C}.Release|x64.Build.0 = Release|x64
		{E3354EB8-7DC1-4ED0-BD7C-F20A6E044CFF}.Debug|Win32.ActiveCfg = Debug|Win32
		{E3354EB8-7DC1-4ED0-BD7C-F20A6E044CFF}.Debug|Win32.Build.0 = Debug|Win32
		{E3354EB8-7DC1-4ED0-BD7C-F20A6E044CFF}.Debug|x64.ActiveCfg = Debug|x64
		{E3354EB8-7DC1-4ED0-BD7C-F20A6E044CFF}.Debug|x64.Build.0 = Debug|x64
		{E3354EB8-7DC1-4ED0-BD7C-F20A6E044CFF}.Release|Win32.ActiveCfg = Release|Win32
		{E3354EB8-7DC1-4ED0-BD7C-F20A6E044CFF}.Release|Win32.Build.0 = Release|Win32
		{E3354EB8-7DC1-4ED0-BD7C-F20A6E044CFF}.Release|x64.ActiveCfg = Release|x64
		{E3354EB8-7DC1-4ED0-BD7C-F20A6E044CFF}.Release|x64.Build.0 = Release|x64
		{733084F8-8A89-4227-80AF-A5FD2AEF08AC}.Debug|Win32.ActiveCfg = Debug|Win32
		{733084F8-8A89-4227-80AF-A5FD2AEF08AC}.Debug|Win32.Build.0 = Debug|Win32
		{733084F8-8A89-4227-80AF-A5FD2AEF08AC}.Debug|x64.ActiveCfg = Debug|x64
		{733084F8-8A89-4227-80AF-A5FD2AEF08AC}.Debug|x64.Build.0 = Debug|x64
		{733084F8-8A89-4227-80AF-A5FD2AEF08AC}.Release|Win32.ActiveCfg = Release|Win32
		{733084F8-8A89-4227-80AF-A5FD2AEF08AC}.Release|Win32.Build.0 = Release|Win32
		{733084F8-8A89-4227-80AF-A5FD2AEF08AC}.Release|x64.ActiveCfg = Release|x64
		{733084F8-8A89-4227-80AF-A5FD2AEF08AC}.Release|x64.Build.0 = Release|x64
		{3E3255CD-DC97-4322-8EB9-78693BA9E632}.Debug|Win32.ActiveCfg = Debug|Win32
		{3E3255CD-DC97-4322-8EB9-78693BA9E632}.Debug|Win32.Build.0 = Debug|Win32
		{3E3255CD-DC97-4322-8EB9-78693BA9E632}.Debug|x64.ActiveCfg = Debug|x64
		{3E3255CD-DC97-4322-8EB9-78693BA9E632}.Debug|x64.Build.0 = Debug|x64
		{3E3255CD-DC97-4322-8EB9-78693BA9E632}.Release|Win32.ActiveCfg = Release|Win32
		{3E3255CD-DC97-4322-8EB9-78693BA9E632}.Release|Win32.Build.0 = Release|Win32
		{3E3255CD-DC97-4322-8EB9-78693BA9E632}.Release|x64.ActiveCfg = Release|x64
		{3E3255CD-DC97-4322-8EB9-78693BA9E632}.Release|x64.Build.0 = Release|x64
		{6BA79CBA-E5FC-4C0D-8344-F71EF23C3C8E}.Debug|Win32.ActiveCfg = Debug|Win32
		{6BA79CBA-E5FC-4C0D-8344-F71EF23C3C8E}.Debug|Win32.Build.0 = Debug|Win32
		{6BA79CBA-E5FC-4C0D-8344-F71EF23C3C8E}.Debug|x64.ActiveCfg = Debug|x64
		{6BA79CBA-E5FC-4C0D-8344-F71EF23C3C8E}.Debug|x64.Build.0 = Debug|x64
		{6BA79CBA-E5FC-4C0D-8344-F71EF23C3C8E}.Release|Win32.ActiveCfg = Release|Win32
		{6BA79CBA-E5FC-4C0D-8344-F71EF23C3C8E}.Release|Win32.Build.0 = Release|Win32
		{6BA79CBA-E5FC-4C0D-8344-F71EF23C3C8E}.Release|x64.ActiveCfg = Release|x64
		{6BA79CBA-E5FC-4C0D-8344-F71EF23C3C8E}.Release|x64.Build.0 = Release|x64
		{D722A087-8E12-4C04-BE99-0C6DC51CEBAC}.Debug|Win32.ActiveCfg = Debug|Win32
		{D722A087-8E12-4C04-BE99-0C6DC51CEBAC}.Debug|Win32.Build.0 = Debug|Win32
		{D722A087-8E12-4C04-BE99-0C6DC51CEBAC}.Debug|x64.ActiveCfg = Debug|x64
		{D722A087-8E12-4C04-BE99-0C6DC51CEBAC}.Debug|x64.Build.0 = Debug|x64
		{D722A087-8E12-4C04-BE99-0C6DC51CEBAC}.Release|Win32.ActiveCfg = Release|Win32
		{D722A087-8E12-4C04-BE99-0C6DC51CEBAC}.Release|Win32.Build.0 = Release|Win32
		{D722A087-8E12-4C04-BE99-0C6DC51CEBAC}.Release|x64.ActiveCfg = Release|x64
		{D722A087-8E12-4C04-BE99-0C6DC51CEBAC}.Release|x64.Build.0 = Release|x64
		{FA895BF9-AC6D-49A1-957F-3B853FF1E7A2}.Debug|Win32.ActiveCfg = Debug|Win32
		{FA895BF9-AC6D-49A1-957F-3B853FF1E7A2}.Debug|Win32.Build.0 = Debug|Win32
		{FA895BF9-AC6D-49A1-957F-3B853FF1E7A2}.Debug|x64.ActiveCfg = Debug|x64
		{FA895BF9-AC6D-49A1-957F-3B853FF1E7A2}.Debug|x64.Build.0 = Debug|x64
		{FA895BF9-AC6D-49A1-957F-3B853FF1E7A2}.Release|Win32.ActiveCfg = Release|Win32
		{FA895BF9-AC6D-49A1-957F-3B853FF1E7A2}.Release|Win32.Build.0 = Release|Win32
		{FA895BF9-AC6D-49A1-957F-3B853FF1E7A2}.Release|x64.ActiveCfg = Release|x64
		{FA895BF9-AC6D-49A1-957F-3B853FF1E7A2}.Release|x64.Build.0 = Release|x64
		{E079294B-0328-4DC6-AA9E-D7852D111956}.Debug|Win32.ActiveCfg = Debug|Win32
		{E079294B-0328-4DC6-AA9E-D7852D111956}.Debug|Win32.Build.0 = Debug|Win32
		{E079294B-0328-4DC6-AA9E-D7852D111956}.Debug|x64.ActiveCfg = Debug|x64
		{E079294B-0328-4DC6-AA9E-D7852D111956}.Debug|x64.Build.0 = Debug|x64
		{E079294B-0328-4DC6-AA9E-D7852D111956}.Release|Win32.ActiveCfg = Release|Win32
		{E079294B-0328-4DC6-AA9E-D7852D111956}.Release|Win32.Build.0 = Release|Win32
		{E079294B-0328-4DC6-AA9E-D7852D111956}.Release|x64.ActiveCfg = Release|x64
		{E079294B-0328-4DC6-AA9E-D7852D111956}.Release|x64.Build.0 = Release|x64
		{FF1AEFEA-88E1-45FB-A446-229A6784ECA9}.Debug|Win32.ActiveCfg = Debug|Win32
		{FF1AEFEA-88E1-45FB-A446-229A6784ECA9}.Debug|Win32.Build.0 = Debug|Win32
		{FF1AEFEA-88E1-45FB-A446-229A6784ECA9}.Debug|x64.ActiveCfg = Debug|x64
		{FF1AEFEA-88E1-45FB-A446-229A6784ECA9}.Debug|x64.Build.0 = Debug|x64
		{FF1AEFEA-88E1-45FB-A446-229A6784ECA9}.Release|Win32.ActiveCfg = Release|Win32
		{FF1AEFEA-88E1-45FB-A446-229A6784ECA9}.Release|Win32.Build.0 = Release|Win32
		{FF1AEFEA-88E1-45FB-A446-229A6784ECA9}.Release|x64.ActiveCfg = Release|x64
		{FF1AEFEA-88E1-45FB-A446-229A6784ECA9}.Release|x64.Build.0 = Release|x64
		{3D129A51-FE19-4C71-8EED-E51275CBCAF3}.Debug|Win32.ActiveCfg = Debug|Win32
		{3D129A51-FE19-4C71-8EED-E51275CBCAF3}.Debug|Win32.Build.0 = Debug|Win32
		{3D129A51-FE19-4C71-8EED-E51275CBCAF3}.Debug|x64.ActiveCfg = Debug|x64
		{3D129A51-FE19-4C71-8EED-E51275CBCAF3}.Debug|x64.Build.0 = Debug|x64
		{3D129A51-FE19-4C71-8EED-E51275CBCAF3}.Release|Win32.ActiveCfg = Release|Win32
		{3D129A51-FE19-4C71-8EED-E51275CBCAF3}.Release|Win32.Build.0 = Release|Win32
		{3D129A51-FE19-4C71-8EED-E51275CBCAF3}.Release|x64.ActiveCfg = Release|x64
		{3D129A51-FE19-4C71-8EED-E51275CBCAF3}.Release|x64.Build.0 = Release|x64
		{02DD0FF1-B865-4B35-9D54-D7715CF08A40}.Debug|Win32.ActiveCfg = Debug|Win32
		{02DD0FF1-B865-4B35-9D54-D7715CF08A40}.Debug|Win32.Build.0 = Debug|Win32
		{02DD0FF1-B865-4B35-9D54-D7715CF08A40}.Debug|x64.ActiveCfg = Debug|x64
		{02DD0FF1-B865-4B35-9D54-D7715CF08A40}.Debug|x64.Build.0 = Debug|x64
		{02DD0FF1-B865-4B35-9D54-D7715CF08A40}.Release|Win32.ActiveCfg = Release|Win32
		{02DD0FF1-B865-4B35-9D54-D7715CF08A40}.Release|Win32.Build.0 = Release|Win32
		{02DD0FF1-B865-4B35-9D54-D7715CF08A40}.Release|x64.ActiveCfg = Release|x64
		{02DD0FF1-B865-4B35-9D54-D7715CF08A40}.Release|x64.Build.0 = Release|x64
		{CC1E4BE9-35EB-448F-B949-EBBA254D20F9}.Debug|Win32.ActiveCfg = Debug|Win32
		{CC1E4BE9-35EB-448F-B949-EBBA254D20F9}.Debug|Win32.Build.0 = Debug|Win32
		{CC1E4BE9-35EB-448F-B949-EBBA254D20F9}.Debug|x64.ActiveCfg = Debug|x64
		{CC1E4BE9-35EB-448F-B949-EBBA254D20F9}.Debug|x64.Build.0 = Debug|x64
		{CC1E4BE9-35EB-448F-B949-EBBA254D20F9}.Release|Win32.ActiveCfg = Release|Win32
		{CC1E4BE9-35EB-448F-B949-EBBA254D20F9}.Release|Win32.Build.0 = Release|Win32
		{CC1E4BE9-35EB-448F-B949-EBBA254D20F9}.Release|x64.ActiveCfg = Release|x64
		{CC1E4BE9-35EB-448F-B949-EBBA254D20F9}.Release|x64.Build.0 = Release|x64
		{F4B38022-D707-4455-9C45-BD3CCFDE5E6B}.Debug|Win32.ActiveCfg = Debug|Win32
		{F4B38022-D707-4455-9C45-BD3CCFDE5E6B}.Debug|Win32.Build.0 = Debug|Win32
		{F4B38022-D707-4455-9C45-BD3CCFDE5E6B}.Debug|x64.ActiveCfg = Debug|x64
		{F4B38022-D707-4455-9C45-BD3CCFDE5E6B}.Debug|x64.Build.0 = Debug|x64
		{F4B38022-D707-4455-9C45-BD3CCFDE5E6B}.Release|Win32.ActiveCfg = Release|Win32
		{F4B38022-D707-4455-9C45-BD3CCFDE5E6B}.Release|Win32.Build.0 = Release|Win32
		{F4B38022-D707-4455-9C45-BD3CCFDE5E6B}.Release|x64.ActiveCfg = Release|x64
		{F4B38022-D707-4455-9C45-BD3CCFDE5E6B}.Release|x64.Build.0 = Release|x64
		{2443C5FF-ABD9-449C-8350-D1E357D68D5C}.Debug|Win32.ActiveCfg = Debug|Win32
		{2443C5FF-ABD9-449C-8350-D1E357D68D5C}.Debug|Win32.Build.0 = Debug|Win32
		{2443C5FF-ABD9-449C-8350-D1E357D68D5C}.Debug|x64.ActiveCfg = Debug|x64
		{2443C5FF-ABD9-449C-8350-D1E357D68D5C}.Debug|x64.Build.0 = Debug|x64
		{2443C5FF-ABD9-449C-8350-D1E357D68D5C}.Release|Win32.ActiveCfg = Release|Win32
		{2443C5FF-ABD9-449C-8350-D1E357D68D5C}.Release|Win32.Build.0 = Release|Win32
		{2443C5FF-ABD9-449C-8350-D1E357D68D5C}.Release|x64.ActiveCfg = Release|x64
		{2443C5FF-ABD9-449C-8350-D1E357D68D5C}.Release|x64.Build.0 = Release|x64
		{FF36094B-A389-4FBB-B887-C08EE69B245B}.Debug|Win32.ActiveCfg = Debug|Win32
		{FF36094B-A389-4FBB-B887-C08EE69B245B}.Debug|Win32.Build.0 = Debug|Win32
		{FF36094B-A389-4FBB-B887-C08EE69B245B}.Debug|x64.ActiveCfg = Debug|x64
		{FF36094B-A389-4FBB-B887-C08EE69B245B}.Debug|x64.Build.0 = Debug|x64
		{FF36094B-A389-4FBB-B887-C08EE69B245B}.Release|Win32.ActiveCfg = Release|Win32
		{FF36094B-A389-4FBB-B887-C08EE69B245B}.Release|Win32.Build.0 = Release|Win32
		{FF36094B-A389-4FBB-B887-C08EE69B245B}.Release|x64.ActiveCfg = Release|x64
		{FF36094B-A389-4FBB-B887-C08EE69B245B}.Release|x64.Build.0 = Release|x64
		{CBEF87D1-6E70-48C8-878E-9B512D5979C5}.Debug|Win32.ActiveCfg = Debug|Win32
		{CBEF87D1-6E70-48C8-878E-9B512D5979C5}.Debug|Win32.Build.0 = Debug|Win32
		{CBEF87D1-6E70-48C8-878E-9B512D5979C5}.Debug|x64.ActiveCfg = Debug|x64
		{CBEF87D1-6E70-48C8-878E-9B512D5979C5}.Debug|x64.Build.0 = Debug|x64
		{CBEF87D1-6E70-48C8-878E-9B512D5979C5}.Release|Win32.ActiveCfg = Release|Win32
		{CBEF87D1-6E70-48C8-878E-9B512D5979C5}.Release|Win32.Build.0 = Release|Win32
		{CBEF87D1-6E70-48C8-878E-9B512D5979C5}.Release|x64.ActiveCfg = Release|x64
		{CBEF87D1-6E70-48C8-878E-9B512D5979C5}.Release|x64.Build.0 = Release|x64
		{004831B7-864E-4BE6-BEF6-57BEAA949A65}.Debug|Win32.ActiveCfg = Debug|Win32
		{004831B7-864E-4BE6-BEF6-57BEAA949A65}.Debug|Win32.Build.0 = Debug|Win32
		{004831B7-864E-4BE6-BEF6-57BEAA949A65}.Debug|x64.ActiveCfg = Debug|x64
		{004831B7-864E-4BE6-BEF6-57BEAA949A65}.Debug|x64.Build.0 = Debug|x64
		{004831B7-864E-4BE6-BEF6-57BEAA949A65}.Release|Win32.ActiveCfg = Release|Win32
		{004831B7-864E-4BE6-BEF6-57BEAA949A65}.Release|Win32.Build.0 = Release|Win32
		{004831B7-864E-4BE6-BEF6-57BEAA949A65}.Release|x64.ActiveCfg = Release|x64
		{004831B7-864E-4BE6-BEF6-57BEAA949A65}.Release|x64.Build.0 = Release|x64
	EndGlobalSection
	GlobalSection(SolutionProperties) = preSolution
		HideSolutionNode = FALSE
	EndGlobalSection
EndGlobal
